// !$*UTF8*$!
{
	archiveVersion = 1;
	classes = {
	};
	objectVersion = 50;
	objects = {

/* Begin PBXBuildFile section */
		856EC5C1216E78A300C5945F /* AppDelegate.swift in Sources */ = {isa = PBXBuildFile; fileRef = 856EC5C0216E78A300C5945F /* AppDelegate.swift */; };
		856EC5C3216E78A300C5945F /* MyDayListViewController.swift in Sources */ = {isa = PBXBuildFile; fileRef = 856EC5C2216E78A300C5945F /* MyDayListViewController.swift */; };
		856EC5C6216E78A300C5945F /* Main.storyboard in Resources */ = {isa = PBXBuildFile; fileRef = 856EC5C4216E78A300C5945F /* Main.storyboard */; };
		856EC5C8216E78A600C5945F /* Assets.xcassets in Resources */ = {isa = PBXBuildFile; fileRef = 856EC5C7216E78A600C5945F /* Assets.xcassets */; };
		856EC5CB216E78A600C5945F /* LaunchScreen.storyboard in Resources */ = {isa = PBXBuildFile; fileRef = 856EC5C9216E78A600C5945F /* LaunchScreen.storyboard */; };
/* End PBXBuildFile section */

/* Begin PBXFileReference section */
		856EC5BD216E78A300C5945F /* My Day.app */ = {isa = PBXFileReference; explicitFileType = wrapper.application; includeInIndex = 0; path = "My Day.app"; sourceTree = BUILT_PRODUCTS_DIR; };
		856EC5C0216E78A300C5945F /* AppDelegate.swift */ = {isa = PBXFileReference; lastKnownFileType = sourcecode.swift; path = AppDelegate.swift; sourceTree = "<group>"; };
		856EC5C2216E78A300C5945F /* MyDayListViewController.swift */ = {isa = PBXFileReference; lastKnownFileType = sourcecode.swift; path = MyDayListViewController.swift; sourceTree = "<group>"; };
		856EC5C5216E78A300C5945F /* Base */ = {isa = PBXFileReference; lastKnownFileType = file.storyboard; name = Base; path = Base.lproj/Main.storyboard; sourceTree = "<group>"; };
		856EC5C7216E78A600C5945F /* Assets.xcassets */ = {isa = PBXFileReference; lastKnownFileType = folder.assetcatalog; path = Assets.xcassets; sourceTree = "<group>"; };
		856EC5CA216E78A600C5945F /* Base */ = {isa = PBXFileReference; lastKnownFileType = file.storyboard; name = Base; path = Base.lproj/LaunchScreen.storyboard; sourceTree = "<group>"; };
		856EC5CC216E78A600C5945F /* Info.plist */ = {isa = PBXFileReference; lastKnownFileType = text.plist.xml; path = Info.plist; sourceTree = "<group>"; };
/* End PBXFileReference section */

/* Begin PBXFrameworksBuildPhase section */
		856EC5BA216E78A300C5945F /* Frameworks */ = {
			isa = PBXFrameworksBuildPhase;
			buildActionMask = 2147483647;
			files = (
			);
			runOnlyForDeploymentPostprocessing = 0;
		};
/* End PBXFrameworksBuildPhase section */

/* Begin PBXGroup section */
		856EC5B4216E78A200C5945F = {
			isa = PBXGroup;
			children = (
				856EC5BF216E78A300C5945F /* My Day */,
				856EC5BE216E78A300C5945F /* Products */,
			);
			sourceTree = "<group>";
		};
		856EC5BE216E78A300C5945F /* Products */ = {
			isa = PBXGroup;
			children = (
				856EC5BD216E78A300C5945F /* My Day.app */,
			);
			name = Products;
			sourceTree = "<group>";
		};
		856EC5BF216E78A300C5945F /* My Day */ = {
			isa = PBXGroup;
			children = (
				856EC5C0216E78A300C5945F /* AppDelegate.swift */,
				856EC5C2216E78A300C5945F /* MyDayListViewController.swift */,
				856EC5C4216E78A300C5945F /* Main.storyboard */,
				856EC5C7216E78A600C5945F /* Assets.xcassets */,
				856EC5C9216E78A600C5945F /* LaunchScreen.storyboard */,
				856EC5CC216E78A600C5945F /* Info.plist */,
			);
			path = "My Day";
			sourceTree = "<group>";
		};
/* End PBXGroup section */

/* Begin PBXNativeTarget section */
		856EC5BC216E78A300C5945F /* My Day */ = {
			isa = PBXNativeTarget;
			buildConfigurationList = 856EC5CF216E78A600C5945F /* Build configuration list for PBXNativeTarget "My Day" */;
			buildPhases = (
				856EC5B9216E78A300C5945F /* Sources */,
				856EC5BA216E78A300C5945F /* Frameworks */,
				856EC5BB216E78A300C5945F /* Resources */,
			);
			buildRules = (
			);
			dependencies = (
			);
			name = "My Day";
			productName = "My Day";
			productReference = 856EC5BD216E78A300C5945F /* My Day.app */;
			productType = "com.apple.product-type.application";
		};
/* End PBXNativeTarget section */

/* Begin PBXProject section */
		856EC5B5216E78A200C5945F /* Project object */ = {
			isa = PBXProject;
			attributes = {
				LastSwiftUpdateCheck = 1000;
				LastUpgradeCheck = 1000;
				ORGANIZATIONNAME = "Mihir Mesia";
				TargetAttributes = {
					856EC5BC216E78A300C5945F = {
						CreatedOnToolsVersion = 10.0;
					};
				};
			};
			buildConfigurationList = 856EC5B8216E78A200C5945F /* Build configuration list for PBXProject "My Day" */;
			compatibilityVersion = "Xcode 9.3";
			developmentRegion = en;
			hasScannedForEncodings = 0;
			knownRegions = (
				en,
				Base,
			);
			mainGroup = 856EC5B4216E78A200C5945F;
			productRefGroup = 856EC5BE216E78A300C5945F /* Products */;
			projectDirPath = "";
			projectRoot = "";
			targets = (
				856EC5BC216E78A300C5945F /* My Day */,
			);
		};
/* End PBXProject section */

/* Begin PBXResourcesBuildPhase section */
		856EC5BB216E78A300C5945F /* Resources */ = {
			isa = PBXResourcesBuildPhase;
			buildActionMask = 2147483647;
			files = (
				856EC5CB216E78A600C5945F /* LaunchScreen.storyboard in Resources */,
				856EC5C8216E78A600C5945F /* Assets.xcassets in Resources */,
				856EC5C6216E78A300C5945F /* Main.storyboard in Resources */,
			);
			runOnlyForDeploymentPostprocessing = 0;
		};
/* End PBXResourcesBuildPhase section */

/* Begin PBXSourcesBuildPhase section */
		856EC5B9216E78A300C5945F /* Sources */ = {
			isa = PBXSourcesBuildPhase;
			buildActionMask = 2147483647;
			files = (
				856EC5C3216E78A300C5945F /* MyDayListViewController.swift in Sources */,
				856EC5C1216E78A300C5945F /* AppDelegate.swift in Sources */,
			);
			runOnlyForDeploymentPostprocessing = 0;
		};
/* End PBXSourcesBuildPhase section */

/* Begin PBXVariantGroup section */
		856EC5C4216E78A300C5945F /* Main.storyboard */ = {
			isa = PBXVariantGroup;
			children = (
				856EC5C5216E78A300C5945F /* Base */,
			);
			name = Main.storyboard;
			sourceTree = "<group>";
		};
		856EC5C9216E78A600C5945F /* LaunchScreen.storyboard */ = {
			isa = PBXVariantGroup;
			children = (
				856EC5CA216E78A600C5945F /* Base */,
			);
			name = LaunchScreen.storyboard;
			sourceTree = "<group>";
		};
/* End PBXVariantGroup section */

/* Begin XCBuildConfiguration section */
		856EC5CD216E78A600C5945F /* Debug */ = {
			isa = XCBuildConfiguration;
			buildSettings = {
				ALWAYS_SEARCH_USER_PATHS = NO;
				CLANG_ANALYZER_NONNULL = YES;
				CLANG_ANALYZER_NUMBER_OBJECT_CONVERSION = YES_AGGRESSIVE;
				CLANG_CXX_LANGUAGE_STANDARD = "gnu++14";
				CLANG_CXX_LIBRARY = "libc++";
				CLANG_ENABLE_MODULES = YES;
				CLANG_ENABLE_OBJC_ARC = YES;
				CLANG_ENABLE_OBJC_WEAK = YES;
				CLANG_WARN_BLOCK_CAPTURE_AUTORELEASING = YES;
				CLANG_WARN_BOOL_CONVERSION = YES;
				CLANG_WARN_COMMA = YES;
				CLANG_WARN_CONSTANT_CONVERSION = YES;
				CLANG_WARN_DEPRECATED_OBJC_IMPLEMENTATIONS = YES;
				CLANG_WARN_DIRECT_OBJC_ISA_USAGE = YES_ERROR;
				CLANG_WARN_DOCUMENTATION_COMMENTS = YES;
				CLANG_WARN_EMPTY_BODY = YES;
				CLANG_WARN_ENUM_CONVERSION = YES;
				CLANG_WARN_INFINITE_RECURSION = YES;
				CLANG_WARN_INT_CONVERSION = YES;
				CLANG_WARN_NON_LITERAL_NULL_CONVERSION = YES;
				CLANG_WARN_OBJC_IMPLICIT_RETAIN_SELF = YES;
				CLANG_WARN_OBJC_LITERAL_CONVERSION = YES;
				CLANG_WARN_OBJC_ROOT_CLASS = YES_ERROR;
				CLANG_WARN_RANGE_LOOP_ANALYSIS = YES;
				CLANG_WARN_STRICT_PROTOTYPES = YES;
				CLANG_WARN_SUSPICIOUS_MOVE = YES;
				CLANG_WARN_UNGUARDED_AVAILABILITY = YES_AGGRESSIVE;
				CLANG_WARN_UNREACHABLE_CODE = YES;
				CLANG_WARN__DUPLICATE_METHOD_MATCH = YES;
				CODE_SIGN_IDENTITY = "iPhone Developer";
				COPY_PHASE_STRIP = NO;
				DEBUG_INFORMATION_FORMAT = dwarf;
				ENABLE_STRICT_OBJC_MSGSEND = YES;
				ENABLE_TESTABILITY = YES;
				GCC_C_LANGUAGE_STANDARD = gnu11;
				GCC_DYNAMIC_NO_PIC = NO;
				GCC_NO_COMMON_BLOCKS = YES;
				GCC_OPTIMIZATION_LEVEL = 0;
				GCC_PREPROCESSOR_DEFINITIONS = (
					"DEBUG=1",
					"$(inherited)",
				);
				GCC_WARN_64_TO_32_BIT_CONVERSION = YES;
				GCC_WARN_ABOUT_RETURN_TYPE = YES_ERROR;
				GCC_WARN_UNDECLARED_SELECTOR = YES;
				GCC_WARN_UNINITIALIZED_AUTOS = YES_AGGRESSIVE;
				GCC_WARN_UNUSED_FUNCTION = YES;
				GCC_WARN_UNUSED_VARIABLE = YES;
				IPHONEOS_DEPLOYMENT_TARGET = 12.0;
				MTL_ENABLE_DEBUG_INFO = INCLUDE_SOURCE;
				MTL_FAST_MATH = YES;
				ONLY_ACTIVE_ARCH = YES;
				SDKROOT = iphoneos;
				SWIFT_ACTIVE_COMPILATION_CONDITIONS = DEBUG;
				SWIFT_OPTIMIZATION_LEVEL = "-Onone";
			};
			name = Debug;
		};
		856EC5CE216E78A600C5945F /* Release */ = {
			isa = XCBuildConfiguration;
			buildSettings = {
				ALWAYS_SEARCH_USER_PATHS = NO;
				CLANG_ANALYZER_NONNULL = YES;
				CLANG_ANALYZER_NUMBER_OBJECT_CONVERSION = YES_AGGRESSIVE;
				CLANG_CXX_LANGUAGE_STANDARD = "gnu++14";
				CLANG_CXX_LIBRARY = "libc++";
				CLANG_ENABLE_MODULES = YES;
				CLANG_ENABLE_OBJC_ARC = YES;
				CLANG_ENABLE_OBJC_WEAK = YES;
				CLANG_WARN_BLOCK_CAPTURE_AUTORELEASING = YES;
				CLANG_WARN_BOOL_CONVERSION = YES;
				CLANG_WARN_COMMA = YES;
				CLANG_WARN_CONSTANT_CONVERSION = YES;
				CLANG_WARN_DEPRECATED_OBJC_IMPLEMENTATIONS = YES;
				CLANG_WARN_DIRECT_OBJC_ISA_USAGE = YES_ERROR;
				CLANG_WARN_DOCUMENTATION_COMMENTS = YES;
				CLANG_WARN_EMPTY_BODY = YES;
				CLANG_WARN_ENUM_CONVERSION = YES;
				CLANG_WARN_INFINITE_RECURSION = YES;
				CLANG_WARN_INT_CONVERSION = YES;
				CLANG_WARN_NON_LITERAL_NULL_CONVERSION = YES;
				CLANG_WARN_OBJC_IMPLICIT_RETAIN_SELF = YES;
				CLANG_WARN_OBJC_LITERAL_CONVERSION = YES;
				CLANG_WARN_OBJC_ROOT_CLASS = YES_ERROR;
				CLANG_WARN_RANGE_LOOP_ANALYSIS = YES;
				CLANG_WARN_STRICT_PROTOTYPES = YES;
				CLANG_WARN_SUSPICIOUS_MOVE = YES;
				CLANG_WARN_UNGUARDED_AVAILABILITY = YES_AGGRESSIVE;
				CLANG_WARN_UNREACHABLE_CODE = YES;
				CLANG_WARN__DUPLICATE_METHOD_MATCH = YES;
				CODE_SIGN_IDENTITY = "iPhone Developer";
				COPY_PHASE_STRIP = NO;
				DEBUG_INFORMATION_FORMAT = "dwarf-with-dsym";
				ENABLE_NS_ASSERTIONS = NO;
				ENABLE_STRICT_OBJC_MSGSEND = YES;
				GCC_C_LANGUAGE_STANDARD = gnu11;
				GCC_NO_COMMON_BLOCKS = YES;
				GCC_WARN_64_TO_32_BIT_CONVERSION = YES;
				GCC_WARN_ABOUT_RETURN_TYPE = YES_ERROR;
				GCC_WARN_UNDECLARED_SELECTOR = YES;
				GCC_WARN_UNINITIALIZED_AUTOS = YES_AGGRESSIVE;
				GCC_WARN_UNUSED_FUNCTION = YES;
				GCC_WARN_UNUSED_VARIABLE = YES;
				IPHONEOS_DEPLOYMENT_TARGET = 12.0;
				MTL_ENABLE_DEBUG_INFO = NO;
				MTL_FAST_MATH = YES;
				SDKROOT = iphoneos;
				SWIFT_COMPILATION_MODE = wholemodule;
				SWIFT_OPTIMIZATION_LEVEL = "-O";
				VALIDATE_PRODUCT = YES;
			};
			name = Release;
		};
		856EC5D0216E78A600C5945F /* Debug */ = {
			isa = XCBuildConfiguration;
			buildSettings = {
				ASSETCATALOG_COMPILER_APPICON_NAME = AppIcon;
				CODE_SIGN_STYLE = Automatic;
				DEVELOPMENT_TEAM = 7VZN2HMP58;
				INFOPLIST_FILE = "My Day/Info.plist";
				LD_RUNPATH_SEARCH_PATHS = (
					"$(inherited)",
					"@executable_path/Frameworks",
				);
				PRODUCT_BUNDLE_IDENTIFIER = "mickey.My-Day";
				PRODUCT_NAME = "$(TARGET_NAME)";
				SWIFT_VERSION = 4.2;
				TARGETED_DEVICE_FAMILY = "1,2";
			};
			name = Debug;
		};
		856EC5D1216E78A600C5945F /* Release */ = {
			isa = XCBuildConfiguration;
			buildSettings = {
				ASSETCATALOG_COMPILER_APPICON_NAME = AppIcon;
				CODE_SIGN_STYLE = Automatic;
				DEVELOPMENT_TEAM = 7VZN2HMP58;
				INFOPLIST_FILE = "My Day/Info.plist";
				LD_RUNPATH_SEARCH_PATHS = (
					"$(inherited)",
					"@executable_path/Frameworks",
				);
				PRODUCT_BUNDLE_IDENTIFIER = "mickey.My-Day";
				PRODUCT_NAME = "$(TARGET_NAME)";
				SWIFT_VERSION = 4.2;
				TARGETED_DEVICE_FAMILY = "1,2";
			};
			name = Release;
		};
/* End XCBuildConfiguration section */

/* Begin XCConfigurationList section */
		856EC5B8216E78A200C5945F /* Build configuration list for PBXProject "My Day" */ = {
			isa = XCConfigurationList;
			buildConfigurations = (
				856EC5CD216E78A600C5945F /* Debug */,
				856EC5CE216E78A600C5945F /* Release */,
			);
			defaultConfigurationIsVisible = 0;
			defaultConfigurationName = Release;
		};
		856EC5CF216E78A600C5945F /* Build configuration list for PBXNativeTarget "My Day" */ = {
			isa = XCConfigurationList;
			buildConfigurations = (
				856EC5D0216E78A600C5945F /* Debug */,
				856EC5D1216E78A600C5945F /* Release */,
			);
			defaultConfigurationIsVisible = 0;
			defaultConfigurationName = Release;
		};
/* End XCConfigurationList section */
	};
	rootObject = 856EC5B5216E78A200C5945F /* Project object */;
}
